// !$*UTF8*$!
{
	archiveVersion = 1;
	classes = {
	};
	objectVersion = 50;
	objects = {

/* Begin PBXBuildFile section */
		DFD5261C253B2A7F00246E66 /* AppDelegate.swift in Sources */ = {isa = PBXBuildFile; fileRef = DFD5261B253B2A7F00246E66 /* AppDelegate.swift */; };
		DFD5261E253B2A7F00246E66 /* SceneDelegate.swift in Sources */ = {isa = PBXBuildFile; fileRef = DFD5261D253B2A7F00246E66 /* SceneDelegate.swift */; };
		DFD52620253B2A7F00246E66 /* MainViewController.swift in Sources */ = {isa = PBXBuildFile; fileRef = DFD5261F253B2A7F00246E66 /* MainViewController.swift */; };
		DFD52623253B2A7F00246E66 /* Main.storyboard in Resources */ = {isa = PBXBuildFile; fileRef = DFD52621253B2A7F00246E66 /* Main.storyboard */; };
		DFD52625253B2A8200246E66 /* Assets.xcassets in Resources */ = {isa = PBXBuildFile; fileRef = DFD52624253B2A8200246E66 /* Assets.xcassets */; };
		DFD52628253B2A8200246E66 /* LaunchScreen.storyboard in Resources */ = {isa = PBXBuildFile; fileRef = DFD52626253B2A8200246E66 /* LaunchScreen.storyboard */; };
		DFD52636253D22D000246E66 /* SearchViewCell.swift in Sources */ = {isa = PBXBuildFile; fileRef = DFD52635253D22D000246E66 /* SearchViewCell.swift */; };
		DFD5263A253D372A00246E66 /* JobDetailsViewController.swift in Sources */ = {isa = PBXBuildFile; fileRef = DFD52639253D372A00246E66 /* JobDetailsViewController.swift */; };
		DFD5263E253D3EF600246E66 /* UILayoutHelper+Extensions.swift in Sources */ = {isa = PBXBuildFile; fileRef = DFD5263D253D3EF600246E66 /* UILayoutHelper+Extensions.swift */; };
/* End PBXBuildFile section */

/* Begin PBXFileReference section */
		DFD52618253B2A7F00246E66 /* GithubJobs.app */ = {isa = PBXFileReference; explicitFileType = wrapper.application; includeInIndex = 0; path = GithubJobs.app; sourceTree = BUILT_PRODUCTS_DIR; };
		DFD5261B253B2A7F00246E66 /* AppDelegate.swift */ = {isa = PBXFileReference; lastKnownFileType = sourcecode.swift; path = AppDelegate.swift; sourceTree = "<group>"; };
		DFD5261D253B2A7F00246E66 /* SceneDelegate.swift */ = {isa = PBXFileReference; lastKnownFileType = sourcecode.swift; path = SceneDelegate.swift; sourceTree = "<group>"; };
		DFD5261F253B2A7F00246E66 /* MainViewController.swift */ = {isa = PBXFileReference; lastKnownFileType = sourcecode.swift; path = MainViewController.swift; sourceTree = "<group>"; };
		DFD52622253B2A7F00246E66 /* Base */ = {isa = PBXFileReference; lastKnownFileType = file.storyboard; name = Base; path = Base.lproj/Main.storyboard; sourceTree = "<group>"; };
		DFD52624253B2A8200246E66 /* Assets.xcassets */ = {isa = PBXFileReference; lastKnownFileType = folder.assetcatalog; path = Assets.xcassets; sourceTree = "<group>"; };
		DFD52627253B2A8200246E66 /* Base */ = {isa = PBXFileReference; lastKnownFileType = file.storyboard; name = Base; path = Base.lproj/LaunchScreen.storyboard; sourceTree = "<group>"; };
		DFD52629253B2A8200246E66 /* Info.plist */ = {isa = PBXFileReference; lastKnownFileType = text.plist.xml; path = Info.plist; sourceTree = "<group>"; };
		DFD52635253D22D000246E66 /* SearchViewCell.swift */ = {isa = PBXFileReference; lastKnownFileType = sourcecode.swift; path = SearchViewCell.swift; sourceTree = "<group>"; };
		DFD52639253D372A00246E66 /* JobDetailsViewController.swift */ = {isa = PBXFileReference; lastKnownFileType = sourcecode.swift; path = JobDetailsViewController.swift; sourceTree = "<group>"; };
		DFD5263D253D3EF600246E66 /* UILayoutHelper+Extensions.swift */ = {isa = PBXFileReference; lastKnownFileType = sourcecode.swift; path = "UILayoutHelper+Extensions.swift"; sourceTree = "<group>"; };
/* End PBXFileReference section */

/* Begin PBXFrameworksBuildPhase section */
		DFD52615253B2A7F00246E66 /* Frameworks */ = {
			isa = PBXFrameworksBuildPhase;
			buildActionMask = 2147483647;
			files = (
			);
			runOnlyForDeploymentPostprocessing = 0;
		};
/* End PBXFrameworksBuildPhase section */

/* Begin PBXGroup section */
		DFD5260F253B2A7F00246E66 = {
			isa = PBXGroup;
			children = (
				DFD5261A253B2A7F00246E66 /* GithubJobs */,
				DFD52619253B2A7F00246E66 /* Products */,
			);
			sourceTree = "<group>";
		};
		DFD52619253B2A7F00246E66 /* Products */ = {
			isa = PBXGroup;
			children = (
				DFD52618253B2A7F00246E66 /* GithubJobs.app */,
			);
			name = Products;
			sourceTree = "<group>";
		};
		DFD5261A253B2A7F00246E66 /* GithubJobs */ = {
			isa = PBXGroup;
			children = (
				DFD5263C253D3EBF00246E66 /* helpers */,
				DFD5261B253B2A7F00246E66 /* AppDelegate.swift */,
				DFD5261D253B2A7F00246E66 /* SceneDelegate.swift */,
				DFD5261F253B2A7F00246E66 /* MainViewController.swift */,
				DFD52639253D372A00246E66 /* JobDetailsViewController.swift */,
				DFD52635253D22D000246E66 /* SearchViewCell.swift */,
				DFD52621253B2A7F00246E66 /* Main.storyboard */,
				DFD52624253B2A8200246E66 /* Assets.xcassets */,
				DFD52626253B2A8200246E66 /* LaunchScreen.storyboard */,
				DFD52629253B2A8200246E66 /* Info.plist */,
			);
			path = GithubJobs;
			sourceTree = "<group>";
		};
		DFD5263C253D3EBF00246E66 /* helpers */ = {
			isa = PBXGroup;
			children = (
				DFD5263D253D3EF600246E66 /* UILayoutHelper+Extensions.swift */,
			);
			path = helpers;
			sourceTree = "<group>";
		};
/* End PBXGroup section */

/* Begin PBXNativeTarget section */
		DFD52617253B2A7F00246E66 /* GithubJobs */ = {
			isa = PBXNativeTarget;
			buildConfigurationList = DFD5262C253B2A8200246E66 /* Build configuration list for PBXNativeTarget "GithubJobs" */;
			buildPhases = (
				DFD52614253B2A7F00246E66 /* Sources */,
				DFD52615253B2A7F00246E66 /* Frameworks */,
				DFD52616253B2A7F00246E66 /* Resources */,
			);
			buildRules = (
			);
			dependencies = (
			);
			name = GithubJobs;
			productName = GithubJobs;
			productReference = DFD52618253B2A7F00246E66 /* GithubJobs.app */;
			productType = "com.apple.product-type.application";
		};
/* End PBXNativeTarget section */

/* Begin PBXProject section */
		DFD52610253B2A7F00246E66 /* Project object */ = {
			isa = PBXProject;
			attributes = {
				LastSwiftUpdateCheck = 1200;
				LastUpgradeCheck = 1200;
				TargetAttributes = {
					DFD52617253B2A7F00246E66 = {
						CreatedOnToolsVersion = 12.0.1;
					};
				};
			};
			buildConfigurationList = DFD52613253B2A7F00246E66 /* Build configuration list for PBXProject "GithubJobs" */;
			compatibilityVersion = "Xcode 9.3";
			developmentRegion = en;
			hasScannedForEncodings = 0;
			knownRegions = (
				en,
				Base,
			);
			mainGroup = DFD5260F253B2A7F00246E66;
			productRefGroup = DFD52619253B2A7F00246E66 /* Products */;
			projectDirPath = "";
			projectRoot = "";
			targets = (
				DFD52617253B2A7F00246E66 /* GithubJobs */,
			);
		};
/* End PBXProject section */

/* Begin PBXResourcesBuildPhase section */
		DFD52616253B2A7F00246E66 /* Resources */ = {
			isa = PBXResourcesBuildPhase;
			buildActionMask = 2147483647;
			files = (
				DFD52628253B2A8200246E66 /* LaunchScreen.storyboard in Resources */,
				DFD52625253B2A8200246E66 /* Assets.xcassets in Resources */,
				DFD52623253B2A7F00246E66 /* Main.storyboard in Resources */,
			);
			runOnlyForDeploymentPostprocessing = 0;
		};
/* End PBXResourcesBuildPhase section */

/* Begin PBXSourcesBuildPhase section */
		DFD52614253B2A7F00246E66 /* Sources */ = {
			isa = PBXSourcesBuildPhase;
			buildActionMask = 2147483647;
			files = (
				DFD52620253B2A7F00246E66 /* MainViewController.swift in Sources */,
				DFD5261C253B2A7F00246E66 /* AppDelegate.swift in Sources */,
				DFD52636253D22D000246E66 /* SearchViewCell.swift in Sources */,
				DFD5261E253B2A7F00246E66 /* SceneDelegate.swift in Sources */,
				DFD5263A253D372A00246E66 /* JobDetailsViewController.swift in Sources */,
				DFD5263E253D3EF600246E66 /* UILayoutHelper+Extensions.swift in Sources */,
			);
			runOnlyForDeploymentPostprocessing = 0;
		};
/* End PBXSourcesBuildPhase section */

/* Begin PBXVariantGroup section */
		DFD52621253B2A7F00246E66 /* Main.storyboard */ = {
			isa = PBXVariantGroup;
			children = (
				DFD52622253B2A7F00246E66 /* Base */,
			);
			name = Main.storyboard;
			sourceTree = "<group>";
		};
		DFD52626253B2A8200246E66 /* LaunchScreen.storyboard */ = {
			isa = PBXVariantGroup;
			children = (
				DFD52627253B2A8200246E66 /* Base */,
			);
			name = LaunchScreen.storyboard;
			sourceTree = "<group>";
		};
/* End PBXVariantGroup section */

/* Begin XCBuildConfiguration section */
		DFD5262A253B2A8200246E66 /* Debug */ = {
			isa = XCBuildConfiguration;
			buildSettings = {
				ALWAYS_SEARCH_USER_PATHS = NO;
				CLANG_ANALYZER_NONNULL = YES;
				CLANG_ANALYZER_NUMBER_OBJECT_CONVERSION = YES_AGGRESSIVE;
				CLANG_CXX_LANGUAGE_STANDARD = "gnu++14";
				CLANG_CXX_LIBRARY = "libc++";
				CLANG_ENABLE_MODULES = YES;
				CLANG_ENABLE_OBJC_ARC = YES;
				CLANG_ENABLE_OBJC_WEAK = YES;
				CLANG_WARN_BLOCK_CAPTURE_AUTORELEASING = YES;
				CLANG_WARN_BOOL_CONVERSION = YES;
				CLANG_WARN_COMMA = YES;
				CLANG_WARN_CONSTANT_CONVERSION = YES;
				CLANG_WARN_DEPRECATED_OBJC_IMPLEMENTATIONS = YES;
				CLANG_WARN_DIRECT_OBJC_ISA_USAGE = YES_ERROR;
				CLANG_WARN_DOCUMENTATION_COMMENTS = YES;
				CLANG_WARN_EMPTY_BODY = YES;
				CLANG_WARN_ENUM_CONVERSION = YES;
				CLANG_WARN_INFINITE_RECURSION = YES;
				CLANG_WARN_INT_CONVERSION = YES;
				CLANG_WARN_NON_LITERAL_NULL_CONVERSION = YES;
				CLANG_WARN_OBJC_IMPLICIT_RETAIN_SELF = YES;
				CLANG_WARN_OBJC_LITERAL_CONVERSION = YES;
				CLANG_WARN_OBJC_ROOT_CLASS = YES_ERROR;
				CLANG_WARN_QUOTED_INCLUDE_IN_FRAMEWORK_HEADER = YES;
				CLANG_WARN_RANGE_LOOP_ANALYSIS = YES;
				CLANG_WARN_STRICT_PROTOTYPES = YES;
				CLANG_WARN_SUSPICIOUS_MOVE = YES;
				CLANG_WARN_UNGUARDED_AVAILABILITY = YES_AGGRESSIVE;
				CLANG_WARN_UNREACHABLE_CODE = YES;
				CLANG_WARN__DUPLICATE_METHOD_MATCH = YES;
				COPY_PHASE_STRIP = NO;
				DEBUG_INFORMATION_FORMAT = dwarf;
				ENABLE_STRICT_OBJC_MSGSEND = YES;
				ENABLE_TESTABILITY = YES;
				GCC_C_LANGUAGE_STANDARD = gnu11;
				GCC_DYNAMIC_NO_PIC = NO;
				GCC_NO_COMMON_BLOCKS = YES;
				GCC_OPTIMIZATION_LEVEL = 0;
				GCC_PREPROCESSOR_DEFINITIONS = (
					"DEBUG=1",
					"$(inherited)",
				);
				GCC_WARN_64_TO_32_BIT_CONVERSION = YES;
				GCC_WARN_ABOUT_RETURN_TYPE = YES_ERROR;
				GCC_WARN_UNDECLARED_SELECTOR = YES;
				GCC_WARN_UNINITIALIZED_AUTOS = YES_AGGRESSIVE;
				GCC_WARN_UNUSED_FUNCTION = YES;
				GCC_WARN_UNUSED_VARIABLE = YES;
				IPHONEOS_DEPLOYMENT_TARGET = 14.0;
				MTL_ENABLE_DEBUG_INFO = INCLUDE_SOURCE;
				MTL_FAST_MATH = YES;
				ONLY_ACTIVE_ARCH = YES;
				SDKROOT = iphoneos;
				SWIFT_ACTIVE_COMPILATION_CONDITIONS = DEBUG;
				SWIFT_OPTIMIZATION_LEVEL = "-Onone";
			};
			name = Debug;
		};
		DFD5262B253B2A8200246E66 /* Release */ = {
			isa = XCBuildConfiguration;
			buildSettings = {
				ALWAYS_SEARCH_USER_PATHS = NO;
				CLANG_ANALYZER_NONNULL = YES;
				CLANG_ANALYZER_NUMBER_OBJECT_CONVERSION = YES_AGGRESSIVE;
				CLANG_CXX_LANGUAGE_STANDARD = "gnu++14";
				CLANG_CXX_LIBRARY = "libc++";
				CLANG_ENABLE_MODULES = YES;
				CLANG_ENABLE_OBJC_ARC = YES;
				CLANG_ENABLE_OBJC_WEAK = YES;
				CLANG_WARN_BLOCK_CAPTURE_AUTORELEASING = YES;
				CLANG_WARN_BOOL_CONVERSION = YES;
				CLANG_WARN_COMMA = YES;
				CLANG_WARN_CONSTANT_CONVERSION = YES;
				CLANG_WARN_DEPRECATED_OBJC_IMPLEMENTATIONS = YES;
				CLANG_WARN_DIRECT_OBJC_ISA_USAGE = YES_ERROR;
				CLANG_WARN_DOCUMENTATION_COMMENTS = YES;
				CLANG_WARN_EMPTY_BODY = YES;
				CLANG_WARN_ENUM_CONVERSION = YES;
				CLANG_WARN_INFINITE_RECURSION = YES;
				CLANG_WARN_INT_CONVERSION = YES;
				CLANG_WARN_NON_LITERAL_NULL_CONVERSION = YES;
				CLANG_WARN_OBJC_IMPLICIT_RETAIN_SELF = YES;
				CLANG_WARN_OBJC_LITERAL_CONVERSION = YES;
				CLANG_WARN_OBJC_ROOT_CLASS = YES_ERROR;
				CLANG_WARN_QUOTED_INCLUDE_IN_FRAMEWORK_HEADER = YES;
				CLANG_WARN_RANGE_LOOP_ANALYSIS = YES;
				CLANG_WARN_STRICT_PROTOTYPES = YES;
				CLANG_WARN_SUSPICIOUS_MOVE = YES;
				CLANG_WARN_UNGUARDED_AVAILABILITY = YES_AGGRESSIVE;
				CLANG_WARN_UNREACHABLE_CODE = YES;
				CLANG_WARN__DUPLICATE_METHOD_MATCH = YES;
				COPY_PHASE_STRIP = NO;
				DEBUG_INFORMATION_FORMAT = "dwarf-with-dsym";
				ENABLE_NS_ASSERTIONS = NO;
				ENABLE_STRICT_OBJC_MSGSEND = YES;
				GCC_C_LANGUAGE_STANDARD = gnu11;
				GCC_NO_COMMON_BLOCKS = YES;
				GCC_WARN_64_TO_32_BIT_CONVERSION = YES;
				GCC_WARN_ABOUT_RETURN_TYPE = YES_ERROR;
				GCC_WARN_UNDECLARED_SELECTOR = YES;
				GCC_WARN_UNINITIALIZED_AUTOS = YES_AGGRESSIVE;
				GCC_WARN_UNUSED_FUNCTION = YES;
				GCC_WARN_UNUSED_VARIABLE = YES;
				IPHONEOS_DEPLOYMENT_TARGET = 14.0;
				MTL_ENABLE_DEBUG_INFO = NO;
				MTL_FAST_MATH = YES;
				SDKROOT = iphoneos;
				SWIFT_COMPILATION_MODE = wholemodule;
				SWIFT_OPTIMIZATION_LEVEL = "-O";
				VALIDATE_PRODUCT = YES;
			};
			name = Release;
		};
		DFD5262D253B2A8200246E66 /* Debug */ = {
			isa = XCBuildConfiguration;
			buildSettings = {
				ASSETCATALOG_COMPILER_APPICON_NAME = AppIcon;
				ASSETCATALOG_COMPILER_GLOBAL_ACCENT_COLOR_NAME = AccentColor;
				CODE_SIGN_STYLE = Automatic;
				DEVELOPMENT_TEAM = KK23D9D5VE;
				INFOPLIST_FILE = GithubJobs/Info.plist;
				LD_RUNPATH_SEARCH_PATHS = (
					"$(inherited)",
					"@executable_path/Frameworks",
				);
				PRODUCT_BUNDLE_IDENTIFIER = Jerrion.GithubJobs;
				PRODUCT_NAME = "$(TARGET_NAME)";
				SWIFT_VERSION = 5.0;
				TARGETED_DEVICE_FAMILY = "1,2";
			};
			name = Debug;
		};
		DFD5262E253B2A8200246E66 /* Release */ = {
			isa = XCBuildConfiguration;
			buildSettings = {
				ASSETCATALOG_COMPILER_APPICON_NAME = AppIcon;
				ASSETCATALOG_COMPILER_GLOBAL_ACCENT_COLOR_NAME = AccentColor;
				CODE_SIGN_STYLE = Automatic;
				DEVELOPMENT_TEAM = KK23D9D5VE;
				INFOPLIST_FILE = GithubJobs/Info.plist;
				LD_RUNPATH_SEARCH_PATHS = (
					"$(inherited)",
					"@executable_path/Frameworks",
				);
				PRODUCT_BUNDLE_IDENTIFIER = Jerrion.GithubJobs;
				PRODUCT_NAME = "$(TARGET_NAME)";
				SWIFT_VERSION = 5.0;
				TARGETED_DEVICE_FAMILY = "1,2";
			};
			name = Release;
		};
/* End XCBuildConfiguration section */

/* Begin XCConfigurationList section */
		DFD52613253B2A7F00246E66 /* Build configuration list for PBXProject "GithubJobs" */ = {
			isa = XCConfigurationList;
			buildConfigurations = (
				DFD5262A253B2A8200246E66 /* Debug */,
				DFD5262B253B2A8200246E66 /* Release */,
			);
			defaultConfigurationIsVisible = 0;
			defaultConfigurationName = Release;
		};
		DFD5262C253B2A8200246E66 /* Build configuration list for PBXNativeTarget "GithubJobs" */ = {
			isa = XCConfigurationList;
			buildConfigurations = (
				DFD5262D253B2A8200246E66 /* Debug */,
				DFD5262E253B2A8200246E66 /* Release */,
			);
			defaultConfigurationIsVisible = 0;
			defaultConfigurationName = Release;
		};
/* End XCConfigurationList section */
	};
	rootObject = DFD52610253B2A7F00246E66 /* Project object */;
}
